
Microsoft Visual Studio Solution File, Format Version 12.00
# Visual Studio 15
VisualStudioVersion = 15.0.27703.2026
MinimumVisualStudioVersion = 10.0.40219.1
Project("{FAE04EC0-301F-11D3-BF4B-00C04F79EFBC}") = "Comtele.Net4.Sdk", "Comtele.Net4.Sdk\Comtele.Net4.Sdk.csproj", "{EDFAF67A-464A-4957-8A92-3C0CF90D421D}"
EndProject
Global
	GlobalSection(SolutionConfigurationPlatforms) = preSolution
		Debug|Any CPU = Debug|Any CPU
		Release|Any CPU = Release|Any CPU
	EndGlobalSection
	GlobalSection(ProjectConfigurationPlatforms) = postSolution
		{EDFAF67A-464A-4957-8A92-3C0CF90D421D}.Debug|Any CPU.ActiveCfg = Debug|Any CPU
		{EDFAF67A-464A-4957-8A92-3C0CF90D421D}.Debug|Any CPU.Build.0 = Debug|Any CPU
		{EDFAF67A-464A-4957-8A92-3C0CF90D421D}.Release|Any CPU.ActiveCfg = Release|Any CPU
		{EDFAF67A-464A-4957-8A92-3C0CF90D421D}.Release|Any CPU.Build.0 = Release|Any CPU
	EndGlobalSection
	GlobalSection(SolutionProperties) = preSolution
		HideSolutionNode = FALSE
	EndGlobalSection
	GlobalSection(ExtensibilityGlobals) = postSolution
		SolutionGuid = {FFC5AE0A-B2CC-43BB-914F-22C2F318C68D}
	EndGlobalSection
EndGlobal
